
Microsoft Visual Studio Solution File, Format Version 12.00
# Visual Studio Version 17
VisualStudioVersion = 17.10.35013.160
MinimumVisualStudioVersion = 10.0.40219.1
Project("{FAE04EC0-301F-11D3-BF4B-00C04F79EFBC}") = "New", "New\New.csproj", "{716CA944-7CBC-40B9-BEC9-DFADFEDCE93D}"
EndProject
Global
	GlobalSection(SolutionConfigurationPlatforms) = preSolution
		Debug|Any CPU = Debug|Any CPU
		Release|Any CPU = Release|Any CPU
	EndGlobalSection
	GlobalSection(ProjectConfigurationPlatforms) = postSolution
		{716CA944-7CBC-40B9-BEC9-DFADFEDCE93D}.Debug|Any CPU.ActiveCfg = Debug|Any CPU
		{716CA944-7CBC-40B9-BEC9-DFADFEDCE93D}.Debug|Any CPU.Build.0 = Debug|Any CPU
		{716CA944-7CBC-40B9-BEC9-DFADFEDCE93D}.Release|Any CPU.ActiveCfg = Release|Any CPU
		{716CA944-7CBC-40B9-BEC9-DFADFEDCE93D}.Release|Any CPU.Build.0 = Release|Any CPU
	EndGlobalSection
	GlobalSection(SolutionProperties) = preSolution
		HideSolutionNode = FALSE
	EndGlobalSection
	GlobalSection(ExtensibilityGlobals) = postSolution
		SolutionGuid = {73771C7E-54AD-4BC4-BE5C-614066A8122E}
	EndGlobalSection
EndGlobal
